<?xml version="1.0" encoding="utf-8"?>
<Project ToolsVersion="4.0" xmlns="http://schemas.microsoft.com/developer/msbuild/2003">
  <ItemGroup>
    <Filter Include="Public">
      <UniqueIdentifier>{0f64ee2d-bd92-48ca-acf6-c7a319d3907a}</UniqueIdentifier>
    </Filter>
    <Filter Include="Public\WinService">
      <UniqueIdentifier>{bdbe5b89-b458-4a4e-8dee-10b4dfece227}</UniqueIdentifier>
    </Filter>
    <Filter Include="Private">
      <UniqueIdentifier>{7e87b3a5-60d6-421c-b8c9-d86ce641b43d}</UniqueIdentifier>
    </Filter>
    <Filter Include="Private\WinService">
      <UniqueIdentifier>{7a5e7324-08f6-43ed-9f23-af387e2d9748}</UniqueIdentifier>
    </Filter>
    <Filter Include="Public\Logger">
      <UniqueIdentifier>{07e9516a-632f-4488-8244-bfac034aa8b7}</UniqueIdentifier>
    </Filter>
  </ItemGroup>
  <ItemGroup>
    <ClCompile Include="Service.cpp">
      <Filter>Private\WinService</Filter>
    </ClCompile>
    <ClCompile Include="Private\WinService\IService.cpp">
      <Filter>Private\WinService</Filter>
    </ClCompile>
    <ClCompile Include="main.cpp" />
    <ClCompile Include="msdn_ref.cpp" />
    <ClCompile Include="Private\WinService\DynamineDaemon.cpp">
      <Filter>Private\WinService</Filter>
    </ClCompile>
  </ItemGroup>
  <ItemGroup>
    <ClInclude Include="Service.h">
      <Filter>Public\WinService</Filter>
    </ClInclude>
    <ClInclude Include="Public\WinService\IService.h">
      <Filter>Public\WinService</Filter>
    </ClInclude>
    <ClInclude Include="Public\Logger\Logger.h">
      <Filter>Public\Logger</Filter>
    </ClInclude>
    <ClInclude Include="Public\WinService\DynamineDaemon.h">
      <Filter>Public\WinService</Filter>
    </ClInclude>
  </ItemGroup>
</Project>